
Microsoft Visual Studio Solution File, Format Version 12.00
# Visual Studio Version 17
VisualStudioVersion = 17.5.33627.172
MinimumVisualStudioVersion = 10.0.40219.1
Project("{9A19103F-16F7-4668-BE54-9A1E7A4F7556}") = "StudentMS.Models", "StudentMS.lib\StudentMS.Models.csproj", "{D7AF1E83-F064-41E8-827E-70EF1882056D}"
EndProject
Project("{9A19103F-16F7-4668-BE54-9A1E7A4F7556}") = "StudentMS.Gui", "StudentMS.Gui\StudentMS.Gui.csproj", "{195114AB-339F-45EB-8C0D-4C4115CCA9CA}"
EndProject
Project("{9A19103F-16F7-4668-BE54-9A1E7A4F7556}") = "StudentMS.IO", "StudentMS.IO\StudentMS.IO.csproj", "{D6FA55D1-7376-45B5-A051-6EBB599EDEE1}"
EndProject
Project("{9A19103F-16F7-4668-BE54-9A1E7A4F7556}") = "StudentMS.App", "StudentMS.App\StudentMS.App.csproj", "{60A28174-0EBE-43AA-8DAA-C961EB4BD5AA}"
EndProject
Project("{FAE04EC0-301F-11D3-BF4B-00C04F79EFBC}") = "StudentMS.IOTests", "StudentMS.IOTests\StudentMS.IOTests.csproj", "{31D6C508-F740-4774-943B-7F25E4B2A33B}"
EndProject
Global
	GlobalSection(SolutionConfigurationPlatforms) = preSolution
		Debug|Any CPU = Debug|Any CPU
		Release|Any CPU = Release|Any CPU
	EndGlobalSection
	GlobalSection(ProjectConfigurationPlatforms) = postSolution
		{D7AF1E83-F064-41E8-827E-70EF1882056D}.Debug|Any CPU.ActiveCfg = Debug|Any CPU
		{D7AF1E83-F064-41E8-827E-70EF1882056D}.Debug|Any CPU.Build.0 = Debug|Any CPU
		{D7AF1E83-F064-41E8-827E-70EF1882056D}.Release|Any CPU.ActiveCfg = Release|Any CPU
		{D7AF1E83-F064-41E8-827E-70EF1882056D}.Release|Any CPU.Build.0 = Release|Any CPU
		{195114AB-339F-45EB-8C0D-4C4115CCA9CA}.Debug|Any CPU.ActiveCfg = Debug|Any CPU
		{195114AB-339F-45EB-8C0D-4C4115CCA9CA}.Debug|Any CPU.Build.0 = Debug|Any CPU
		{195114AB-339F-45EB-8C0D-4C4115CCA9CA}.Release|Any CPU.ActiveCfg = Release|Any CPU
		{195114AB-339F-45EB-8C0D-4C4115CCA9CA}.Release|Any CPU.Build.0 = Release|Any CPU
		{D6FA55D1-7376-45B5-A051-6EBB599EDEE1}.Debug|Any CPU.ActiveCfg = Debug|Any CPU
		{D6FA55D1-7376-45B5-A051-6EBB599EDEE1}.Debug|Any CPU.Build.0 = Debug|Any CPU
		{D6FA55D1-7376-45B5-A051-6EBB599EDEE1}.Release|Any CPU.ActiveCfg = Release|Any CPU
		{D6FA55D1-7376-45B5-A051-6EBB599EDEE1}.Release|Any CPU.Build.0 = Release|Any CPU
		{60A28174-0EBE-43AA-8DAA-C961EB4BD5AA}.Debug|Any CPU.ActiveCfg = Debug|Any CPU
		{60A28174-0EBE-43AA-8DAA-C961EB4BD5AA}.Debug|Any CPU.Build.0 = Debug|Any CPU
		{60A28174-0EBE-43AA-8DAA-C961EB4BD5AA}.Release|Any CPU.ActiveCfg = Release|Any CPU
		{60A28174-0EBE-43AA-8DAA-C961EB4BD5AA}.Release|Any CPU.Build.0 = Release|Any CPU
		{31D6C508-F740-4774-943B-7F25E4B2A33B}.Debug|Any CPU.ActiveCfg = Debug|Any CPU
		{31D6C508-F740-4774-943B-7F25E4B2A33B}.Debug|Any CPU.Build.0 = Debug|Any CPU
		{31D6C508-F740-4774-943B-7F25E4B2A33B}.Release|Any CPU.ActiveCfg = Release|Any CPU
		{31D6C508-F740-4774-943B-7F25E4B2A33B}.Release|Any CPU.Build.0 = Release|Any CPU
	EndGlobalSection
	GlobalSection(SolutionProperties) = preSolution
		HideSolutionNode = FALSE
	EndGlobalSection
	GlobalSection(ExtensibilityGlobals) = postSolution
		SolutionGuid = {3479A315-2852-4A73-B196-9C5D70193BF9}
	EndGlobalSection
EndGlobal
